hash: 304b13718b6c5969f17b4475f911db17d880ae59e49ba6e98a5e077cbea8c83c
updated: 2018-08-21T16:32:59.508343+08:00
imports:
- name: github.com/golang/crypto
  version: 459e26527287adbc2adcc5d0d49abff9a5f315a7
  subpackages:
  - ripemd160
  - ssh/terminal
- name: github.com/syndtr/goleveldb
  version: 3c5717caf1475fd25964109a0fc640bd150fce43
  subpackages:
  - leveldb
  - leveldb/errors
  - leveldb/iterator
  - leveldb/opt
testImports: []
